
Microsoft Visual Studio Solution File, Format Version 12.00
Project("{FAE04EC0-301F-11D3-BF4B-00C04F79EFBC}") = "SOLIDPrinciples.2", "SOLIDPrinciples.2\SOLIDPrinciples.2.csproj", "{3359B0C6-746E-4735-AFD3-67865DF0AF52}"
EndProject
Project("{FAE04EC0-301F-11D3-BF4B-00C04F79EFBC}") = "Builder.3", "Builder.3\Builder.3.csproj", "{A1D475D4-FAF6-4B8E-B901-B8C04BE31B92}"
EndProject
Project("{FAE04EC0-301F-11D3-BF4B-00C04F79EFBC}") = "Factories.4", "Factories.4\Factories.4.csproj", "{08C7E3AB-8677-4994-B266-820AD2ED6503}"
EndProject
Project("{FAE04EC0-301F-11D3-BF4B-00C04F79EFBC}") = "Prototype.5", "Prototype.5\Prototype.5.csproj", "{7A2BE66E-B7F0-42C3-934C-2BFAAC70579A}"
EndProject
Project("{FAE04EC0-301F-11D3-BF4B-00C04F79EFBC}") = "Singleton.6", "Singleton.6\Singleton.6.csproj", "{A1AB2144-B004-4D38-8256-862E09960CB6}"
EndProject
Project("{FAE04EC0-301F-11D3-BF4B-00C04F79EFBC}") = "Adapter.7", "Adapter.7\Adapter.7.csproj", "{4725BFE3-B83E-4B97-B1BB-19462EEA2C63}"
EndProject
Project("{FAE04EC0-301F-11D3-BF4B-00C04F79EFBC}") = "Bridge.8", "Bridge.8\Bridge.8.csproj", "{26420179-BD9B-409F-81D2-F111FAE1A9C6}"
EndProject
Project("{FAE04EC0-301F-11D3-BF4B-00C04F79EFBC}") = "Composite.9", "Composite.9\Composite.9.csproj", "{4912535A-A2B4-4BEC-8216-7288731B64D4}"
EndProject
Global
	GlobalSection(SolutionConfigurationPlatforms) = preSolution
		Debug|Any CPU = Debug|Any CPU
		Release|Any CPU = Release|Any CPU
	EndGlobalSection
	GlobalSection(ProjectConfigurationPlatforms) = postSolution
		{3359B0C6-746E-4735-AFD3-67865DF0AF52}.Debug|Any CPU.ActiveCfg = Debug|Any CPU
		{3359B0C6-746E-4735-AFD3-67865DF0AF52}.Debug|Any CPU.Build.0 = Debug|Any CPU
		{3359B0C6-746E-4735-AFD3-67865DF0AF52}.Release|Any CPU.ActiveCfg = Release|Any CPU
		{3359B0C6-746E-4735-AFD3-67865DF0AF52}.Release|Any CPU.Build.0 = Release|Any CPU
		{A1D475D4-FAF6-4B8E-B901-B8C04BE31B92}.Debug|Any CPU.ActiveCfg = Debug|Any CPU
		{A1D475D4-FAF6-4B8E-B901-B8C04BE31B92}.Debug|Any CPU.Build.0 = Debug|Any CPU
		{A1D475D4-FAF6-4B8E-B901-B8C04BE31B92}.Release|Any CPU.ActiveCfg = Release|Any CPU
		{A1D475D4-FAF6-4B8E-B901-B8C04BE31B92}.Release|Any CPU.Build.0 = Release|Any CPU
		{08C7E3AB-8677-4994-B266-820AD2ED6503}.Debug|Any CPU.ActiveCfg = Debug|Any CPU
		{08C7E3AB-8677-4994-B266-820AD2ED6503}.Debug|Any CPU.Build.0 = Debug|Any CPU
		{08C7E3AB-8677-4994-B266-820AD2ED6503}.Release|Any CPU.ActiveCfg = Release|Any CPU
		{08C7E3AB-8677-4994-B266-820AD2ED6503}.Release|Any CPU.Build.0 = Release|Any CPU
		{7A2BE66E-B7F0-42C3-934C-2BFAAC70579A}.Debug|Any CPU.ActiveCfg = Debug|Any CPU
		{7A2BE66E-B7F0-42C3-934C-2BFAAC70579A}.Debug|Any CPU.Build.0 = Debug|Any CPU
		{7A2BE66E-B7F0-42C3-934C-2BFAAC70579A}.Release|Any CPU.ActiveCfg = Release|Any CPU
		{7A2BE66E-B7F0-42C3-934C-2BFAAC70579A}.Release|Any CPU.Build.0 = Release|Any CPU
		{A1AB2144-B004-4D38-8256-862E09960CB6}.Debug|Any CPU.ActiveCfg = Debug|Any CPU
		{A1AB2144-B004-4D38-8256-862E09960CB6}.Debug|Any CPU.Build.0 = Debug|Any CPU
		{A1AB2144-B004-4D38-8256-862E09960CB6}.Release|Any CPU.ActiveCfg = Release|Any CPU
		{A1AB2144-B004-4D38-8256-862E09960CB6}.Release|Any CPU.Build.0 = Release|Any CPU
		{4725BFE3-B83E-4B97-B1BB-19462EEA2C63}.Debug|Any CPU.ActiveCfg = Debug|Any CPU
		{4725BFE3-B83E-4B97-B1BB-19462EEA2C63}.Debug|Any CPU.Build.0 = Debug|Any CPU
		{4725BFE3-B83E-4B97-B1BB-19462EEA2C63}.Release|Any CPU.ActiveCfg = Release|Any CPU
		{4725BFE3-B83E-4B97-B1BB-19462EEA2C63}.Release|Any CPU.Build.0 = Release|Any CPU
		{26420179-BD9B-409F-81D2-F111FAE1A9C6}.Debug|Any CPU.ActiveCfg = Debug|Any CPU
		{26420179-BD9B-409F-81D2-F111FAE1A9C6}.Debug|Any CPU.Build.0 = Debug|Any CPU
		{26420179-BD9B-409F-81D2-F111FAE1A9C6}.Release|Any CPU.ActiveCfg = Release|Any CPU
		{26420179-BD9B-409F-81D2-F111FAE1A9C6}.Release|Any CPU.Build.0 = Release|Any CPU
		{4912535A-A2B4-4BEC-8216-7288731B64D4}.Debug|Any CPU.ActiveCfg = Debug|Any CPU
		{4912535A-A2B4-4BEC-8216-7288731B64D4}.Debug|Any CPU.Build.0 = Debug|Any CPU
		{4912535A-A2B4-4BEC-8216-7288731B64D4}.Release|Any CPU.ActiveCfg = Release|Any CPU
		{4912535A-A2B4-4BEC-8216-7288731B64D4}.Release|Any CPU.Build.0 = Release|Any CPU
	EndGlobalSection
EndGlobal
