
Microsoft Visual Studio Solution File, Format Version 12.00
Project("{FAE04EC0-301F-11D3-BF4B-00C04F79EFBC}") = "SOLIDPrinciples.2", "SOLIDPrinciples.2\SOLIDPrinciples.2.csproj", "{3359B0C6-746E-4735-AFD3-67865DF0AF52}"
EndProject
Project("{FAE04EC0-301F-11D3-BF4B-00C04F79EFBC}") = "Builder.3", "Builder.3\Builder.3.csproj", "{A1D475D4-FAF6-4B8E-B901-B8C04BE31B92}"
EndProject
Project("{FAE04EC0-301F-11D3-BF4B-00C04F79EFBC}") = "Factories.4", "Factories.4\Factories.4.csproj", "{08C7E3AB-8677-4994-B266-820AD2ED6503}"
EndProject
Project("{FAE04EC0-301F-11D3-BF4B-00C04F79EFBC}") = "Prototype.5", "Prototype.5\Prototype.5.csproj", "{7A2BE66E-B7F0-42C3-934C-2BFAAC70579A}"
EndProject
Project("{FAE04EC0-301F-11D3-BF4B-00C04F79EFBC}") = "Singleton.6", "Singleton.6\Singleton.6.csproj", "{A1AB2144-B004-4D38-8256-862E09960CB6}"
EndProject
Project("{FAE04EC0-301F-11D3-BF4B-00C04F79EFBC}") = "Adapter.7", "Adapter.7\Adapter.7.csproj", "{4725BFE3-B83E-4B97-B1BB-19462EEA2C63}"
EndProject
Project("{FAE04EC0-301F-11D3-BF4B-00C04F79EFBC}") = "Bridge.8", "Bridge.8\Bridge.8.csproj", "{26420179-BD9B-409F-81D2-F111FAE1A9C6}"
EndProject
Project("{FAE04EC0-301F-11D3-BF4B-00C04F79EFBC}") = "Composite.9", "Composite.9\Composite.9.csproj", "{4912535A-A2B4-4BEC-8216-7288731B64D4}"
EndProject
Project("{FAE04EC0-301F-11D3-BF4B-00C04F79EFBC}") = "Decorator.10", "Decorator.10\Decorator.10.csproj", "{2492FB78-BDED-49C4-A6E9-66F65B1DBED9}"
EndProject
Project("{FAE04EC0-301F-11D3-BF4B-00C04F79EFBC}") = "Facade.11", "Facade.11\Facade.11.csproj", "{58DD9186-4872-4D1D-A347-16391EC26B31}"
EndProject
Project("{FAE04EC0-301F-11D3-BF4B-00C04F79EFBC}") = "Flyweight.12", "Flyweight.12\Flyweight.12.csproj", "{83A5E471-3599-4B32-9F4D-F455AF3A23E0}"
EndProject
Project("{FAE04EC0-301F-11D3-BF4B-00C04F79EFBC}") = "Proxy.13", "Proxy.13\Proxy.13.csproj", "{F6374958-4F3A-4A64-8F50-961B3AB9F7CD}"
EndProject
Project("{FAE04EC0-301F-11D3-BF4B-00C04F79EFBC}") = "ChainOfResponsibility.14", "ChainOfResponsibility.14\ChainOfResponsibility.14.csproj", "{CEBE482D-DC6C-4F86-A271-523C6C134C8E}"
EndProject
Project("{FAE04EC0-301F-11D3-BF4B-00C04F79EFBC}") = "Command.15", "Command.15\Command.15.csproj", "{8899D894-C56D-4212-B2EF-ECEFD54A5C22}"
EndProject
Project("{FAE04EC0-301F-11D3-BF4B-00C04F79EFBC}") = "Interpreter.16", "Interpreter.16\Interpreter.16.csproj", "{00A85CC9-B91C-41F6-B6DF-1EDCE4187648}"
EndProject
Project("{FAE04EC0-301F-11D3-BF4B-00C04F79EFBC}") = "Iterator.17", "Iterator.17\Iterator.17.csproj", "{32E6454A-F5AA-4468-854D-C2A91866E68A}"
EndProject
Project("{FAE04EC0-301F-11D3-BF4B-00C04F79EFBC}") = "Mediator.18", "Mediator.18\Mediator.18.csproj", "{C6CF329E-4F72-40C7-BDC5-71690DC0AC1D}"
EndProject
Project("{FAE04EC0-301F-11D3-BF4B-00C04F79EFBC}") = "Memento.19", "Memento.19\Memento.19.csproj", "{164BEAEA-4AA9-4ADA-B865-678AA83B4EBA}"
EndProject
Project("{FAE04EC0-301F-11D3-BF4B-00C04F79EFBC}") = "NullObject.20", "NullObject.20\NullObject.20.csproj", "{98225169-A0C0-4262-A765-4D359EBFEB0F}"
EndProject
Project("{FAE04EC0-301F-11D3-BF4B-00C04F79EFBC}") = "Observer.21", "Observer.21\Observer.21.csproj", "{1E38A489-49F1-4BCE-B762-5E39BE6158E6}"
EndProject
Project("{FAE04EC0-301F-11D3-BF4B-00C04F79EFBC}") = "State.22", "State.22\State.22.csproj", "{2F186E62-A9A7-43FE-8A57-538B7D56D614}"
EndProject
Project("{FAE04EC0-301F-11D3-BF4B-00C04F79EFBC}") = "Strategy.23", "Strategy.23\Strategy.23.csproj", "{A960ACFA-69E0-4905-91E1-93B838742A8F}"
EndProject
Project("{FAE04EC0-301F-11D3-BF4B-00C04F79EFBC}") = "TemplateMethod.24", "TemplateMethod.24\TemplateMethod.24.csproj", "{D41C1DA0-5963-4C97-8725-86462DFE6F68}"
EndProject
Project("{FAE04EC0-301F-11D3-BF4B-00C04F79EFBC}") = "Visitor.25", "Visitor.25\Visitor.25.csproj", "{214AE7B4-5B1D-4B4C-8899-BD6B3FFADFB8}"
EndProject
Global
	GlobalSection(SolutionConfigurationPlatforms) = preSolution
		Debug|Any CPU = Debug|Any CPU
		Release|Any CPU = Release|Any CPU
	EndGlobalSection
	GlobalSection(ProjectConfigurationPlatforms) = postSolution
		{3359B0C6-746E-4735-AFD3-67865DF0AF52}.Debug|Any CPU.ActiveCfg = Debug|Any CPU
		{3359B0C6-746E-4735-AFD3-67865DF0AF52}.Debug|Any CPU.Build.0 = Debug|Any CPU
		{3359B0C6-746E-4735-AFD3-67865DF0AF52}.Release|Any CPU.ActiveCfg = Release|Any CPU
		{3359B0C6-746E-4735-AFD3-67865DF0AF52}.Release|Any CPU.Build.0 = Release|Any CPU
		{A1D475D4-FAF6-4B8E-B901-B8C04BE31B92}.Debug|Any CPU.ActiveCfg = Debug|Any CPU
		{A1D475D4-FAF6-4B8E-B901-B8C04BE31B92}.Debug|Any CPU.Build.0 = Debug|Any CPU
		{A1D475D4-FAF6-4B8E-B901-B8C04BE31B92}.Release|Any CPU.ActiveCfg = Release|Any CPU
		{A1D475D4-FAF6-4B8E-B901-B8C04BE31B92}.Release|Any CPU.Build.0 = Release|Any CPU
		{08C7E3AB-8677-4994-B266-820AD2ED6503}.Debug|Any CPU.ActiveCfg = Debug|Any CPU
		{08C7E3AB-8677-4994-B266-820AD2ED6503}.Debug|Any CPU.Build.0 = Debug|Any CPU
		{08C7E3AB-8677-4994-B266-820AD2ED6503}.Release|Any CPU.ActiveCfg = Release|Any CPU
		{08C7E3AB-8677-4994-B266-820AD2ED6503}.Release|Any CPU.Build.0 = Release|Any CPU
		{7A2BE66E-B7F0-42C3-934C-2BFAAC70579A}.Debug|Any CPU.ActiveCfg = Debug|Any CPU
		{7A2BE66E-B7F0-42C3-934C-2BFAAC70579A}.Debug|Any CPU.Build.0 = Debug|Any CPU
		{7A2BE66E-B7F0-42C3-934C-2BFAAC70579A}.Release|Any CPU.ActiveCfg = Release|Any CPU
		{7A2BE66E-B7F0-42C3-934C-2BFAAC70579A}.Release|Any CPU.Build.0 = Release|Any CPU
		{A1AB2144-B004-4D38-8256-862E09960CB6}.Debug|Any CPU.ActiveCfg = Debug|Any CPU
		{A1AB2144-B004-4D38-8256-862E09960CB6}.Debug|Any CPU.Build.0 = Debug|Any CPU
		{A1AB2144-B004-4D38-8256-862E09960CB6}.Release|Any CPU.ActiveCfg = Release|Any CPU
		{A1AB2144-B004-4D38-8256-862E09960CB6}.Release|Any CPU.Build.0 = Release|Any CPU
		{4725BFE3-B83E-4B97-B1BB-19462EEA2C63}.Debug|Any CPU.ActiveCfg = Debug|Any CPU
		{4725BFE3-B83E-4B97-B1BB-19462EEA2C63}.Debug|Any CPU.Build.0 = Debug|Any CPU
		{4725BFE3-B83E-4B97-B1BB-19462EEA2C63}.Release|Any CPU.ActiveCfg = Release|Any CPU
		{4725BFE3-B83E-4B97-B1BB-19462EEA2C63}.Release|Any CPU.Build.0 = Release|Any CPU
		{26420179-BD9B-409F-81D2-F111FAE1A9C6}.Debug|Any CPU.ActiveCfg = Debug|Any CPU
		{26420179-BD9B-409F-81D2-F111FAE1A9C6}.Debug|Any CPU.Build.0 = Debug|Any CPU
		{26420179-BD9B-409F-81D2-F111FAE1A9C6}.Release|Any CPU.ActiveCfg = Release|Any CPU
		{26420179-BD9B-409F-81D2-F111FAE1A9C6}.Release|Any CPU.Build.0 = Release|Any CPU
		{4912535A-A2B4-4BEC-8216-7288731B64D4}.Debug|Any CPU.ActiveCfg = Debug|Any CPU
		{4912535A-A2B4-4BEC-8216-7288731B64D4}.Debug|Any CPU.Build.0 = Debug|Any CPU
		{4912535A-A2B4-4BEC-8216-7288731B64D4}.Release|Any CPU.ActiveCfg = Release|Any CPU
		{4912535A-A2B4-4BEC-8216-7288731B64D4}.Release|Any CPU.Build.0 = Release|Any CPU
		{2492FB78-BDED-49C4-A6E9-66F65B1DBED9}.Debug|Any CPU.ActiveCfg = Debug|Any CPU
		{2492FB78-BDED-49C4-A6E9-66F65B1DBED9}.Debug|Any CPU.Build.0 = Debug|Any CPU
		{2492FB78-BDED-49C4-A6E9-66F65B1DBED9}.Release|Any CPU.ActiveCfg = Release|Any CPU
		{2492FB78-BDED-49C4-A6E9-66F65B1DBED9}.Release|Any CPU.Build.0 = Release|Any CPU
		{58DD9186-4872-4D1D-A347-16391EC26B31}.Debug|Any CPU.ActiveCfg = Debug|Any CPU
		{58DD9186-4872-4D1D-A347-16391EC26B31}.Debug|Any CPU.Build.0 = Debug|Any CPU
		{58DD9186-4872-4D1D-A347-16391EC26B31}.Release|Any CPU.ActiveCfg = Release|Any CPU
		{58DD9186-4872-4D1D-A347-16391EC26B31}.Release|Any CPU.Build.0 = Release|Any CPU
		{83A5E471-3599-4B32-9F4D-F455AF3A23E0}.Debug|Any CPU.ActiveCfg = Debug|Any CPU
		{83A5E471-3599-4B32-9F4D-F455AF3A23E0}.Debug|Any CPU.Build.0 = Debug|Any CPU
		{83A5E471-3599-4B32-9F4D-F455AF3A23E0}.Release|Any CPU.ActiveCfg = Release|Any CPU
		{83A5E471-3599-4B32-9F4D-F455AF3A23E0}.Release|Any CPU.Build.0 = Release|Any CPU
		{F6374958-4F3A-4A64-8F50-961B3AB9F7CD}.Debug|Any CPU.ActiveCfg = Debug|Any CPU
		{F6374958-4F3A-4A64-8F50-961B3AB9F7CD}.Debug|Any CPU.Build.0 = Debug|Any CPU
		{F6374958-4F3A-4A64-8F50-961B3AB9F7CD}.Release|Any CPU.ActiveCfg = Release|Any CPU
		{F6374958-4F3A-4A64-8F50-961B3AB9F7CD}.Release|Any CPU.Build.0 = Release|Any CPU
		{CEBE482D-DC6C-4F86-A271-523C6C134C8E}.Debug|Any CPU.ActiveCfg = Debug|Any CPU
		{CEBE482D-DC6C-4F86-A271-523C6C134C8E}.Debug|Any CPU.Build.0 = Debug|Any CPU
		{CEBE482D-DC6C-4F86-A271-523C6C134C8E}.Release|Any CPU.ActiveCfg = Release|Any CPU
		{CEBE482D-DC6C-4F86-A271-523C6C134C8E}.Release|Any CPU.Build.0 = Release|Any CPU
		{8899D894-C56D-4212-B2EF-ECEFD54A5C22}.Debug|Any CPU.ActiveCfg = Debug|Any CPU
		{8899D894-C56D-4212-B2EF-ECEFD54A5C22}.Debug|Any CPU.Build.0 = Debug|Any CPU
		{8899D894-C56D-4212-B2EF-ECEFD54A5C22}.Release|Any CPU.ActiveCfg = Release|Any CPU
		{8899D894-C56D-4212-B2EF-ECEFD54A5C22}.Release|Any CPU.Build.0 = Release|Any CPU
		{00A85CC9-B91C-41F6-B6DF-1EDCE4187648}.Debug|Any CPU.ActiveCfg = Debug|Any CPU
		{00A85CC9-B91C-41F6-B6DF-1EDCE4187648}.Debug|Any CPU.Build.0 = Debug|Any CPU
		{00A85CC9-B91C-41F6-B6DF-1EDCE4187648}.Release|Any CPU.ActiveCfg = Release|Any CPU
		{00A85CC9-B91C-41F6-B6DF-1EDCE4187648}.Release|Any CPU.Build.0 = Release|Any CPU
		{32E6454A-F5AA-4468-854D-C2A91866E68A}.Debug|Any CPU.ActiveCfg = Debug|Any CPU
		{32E6454A-F5AA-4468-854D-C2A91866E68A}.Debug|Any CPU.Build.0 = Debug|Any CPU
		{32E6454A-F5AA-4468-854D-C2A91866E68A}.Release|Any CPU.ActiveCfg = Release|Any CPU
		{32E6454A-F5AA-4468-854D-C2A91866E68A}.Release|Any CPU.Build.0 = Release|Any CPU
		{C6CF329E-4F72-40C7-BDC5-71690DC0AC1D}.Debug|Any CPU.ActiveCfg = Debug|Any CPU
		{C6CF329E-4F72-40C7-BDC5-71690DC0AC1D}.Debug|Any CPU.Build.0 = Debug|Any CPU
		{C6CF329E-4F72-40C7-BDC5-71690DC0AC1D}.Release|Any CPU.ActiveCfg = Release|Any CPU
		{C6CF329E-4F72-40C7-BDC5-71690DC0AC1D}.Release|Any CPU.Build.0 = Release|Any CPU
		{164BEAEA-4AA9-4ADA-B865-678AA83B4EBA}.Debug|Any CPU.ActiveCfg = Debug|Any CPU
		{164BEAEA-4AA9-4ADA-B865-678AA83B4EBA}.Debug|Any CPU.Build.0 = Debug|Any CPU
		{164BEAEA-4AA9-4ADA-B865-678AA83B4EBA}.Release|Any CPU.ActiveCfg = Release|Any CPU
		{164BEAEA-4AA9-4ADA-B865-678AA83B4EBA}.Release|Any CPU.Build.0 = Release|Any CPU
		{98225169-A0C0-4262-A765-4D359EBFEB0F}.Debug|Any CPU.ActiveCfg = Debug|Any CPU
		{98225169-A0C0-4262-A765-4D359EBFEB0F}.Debug|Any CPU.Build.0 = Debug|Any CPU
		{98225169-A0C0-4262-A765-4D359EBFEB0F}.Release|Any CPU.ActiveCfg = Release|Any CPU
		{98225169-A0C0-4262-A765-4D359EBFEB0F}.Release|Any CPU.Build.0 = Release|Any CPU
		{1E38A489-49F1-4BCE-B762-5E39BE6158E6}.Debug|Any CPU.ActiveCfg = Debug|Any CPU
		{1E38A489-49F1-4BCE-B762-5E39BE6158E6}.Debug|Any CPU.Build.0 = Debug|Any CPU
		{1E38A489-49F1-4BCE-B762-5E39BE6158E6}.Release|Any CPU.ActiveCfg = Release|Any CPU
		{1E38A489-49F1-4BCE-B762-5E39BE6158E6}.Release|Any CPU.Build.0 = Release|Any CPU
		{2F186E62-A9A7-43FE-8A57-538B7D56D614}.Debug|Any CPU.ActiveCfg = Debug|Any CPU
		{2F186E62-A9A7-43FE-8A57-538B7D56D614}.Debug|Any CPU.Build.0 = Debug|Any CPU
		{2F186E62-A9A7-43FE-8A57-538B7D56D614}.Release|Any CPU.ActiveCfg = Release|Any CPU
		{2F186E62-A9A7-43FE-8A57-538B7D56D614}.Release|Any CPU.Build.0 = Release|Any CPU
		{A960ACFA-69E0-4905-91E1-93B838742A8F}.Debug|Any CPU.ActiveCfg = Debug|Any CPU
		{A960ACFA-69E0-4905-91E1-93B838742A8F}.Debug|Any CPU.Build.0 = Debug|Any CPU
		{A960ACFA-69E0-4905-91E1-93B838742A8F}.Release|Any CPU.ActiveCfg = Release|Any CPU
		{A960ACFA-69E0-4905-91E1-93B838742A8F}.Release|Any CPU.Build.0 = Release|Any CPU
		{D41C1DA0-5963-4C97-8725-86462DFE6F68}.Debug|Any CPU.ActiveCfg = Debug|Any CPU
		{D41C1DA0-5963-4C97-8725-86462DFE6F68}.Debug|Any CPU.Build.0 = Debug|Any CPU
		{D41C1DA0-5963-4C97-8725-86462DFE6F68}.Release|Any CPU.ActiveCfg = Release|Any CPU
		{D41C1DA0-5963-4C97-8725-86462DFE6F68}.Release|Any CPU.Build.0 = Release|Any CPU
		{214AE7B4-5B1D-4B4C-8899-BD6B3FFADFB8}.Debug|Any CPU.ActiveCfg = Debug|Any CPU
		{214AE7B4-5B1D-4B4C-8899-BD6B3FFADFB8}.Debug|Any CPU.Build.0 = Debug|Any CPU
		{214AE7B4-5B1D-4B4C-8899-BD6B3FFADFB8}.Release|Any CPU.ActiveCfg = Release|Any CPU
		{214AE7B4-5B1D-4B4C-8899-BD6B3FFADFB8}.Release|Any CPU.Build.0 = Release|Any CPU
	EndGlobalSection
EndGlobal
